{
  "version": 1,
  "dependencies": {
    "net8.0": {
      "FluentEmail.MailKit": {
        "type": "Direct",
        "requested": "[3.0.2, )",
        "resolved": "3.0.2",
        "contentHash": "RkaHMbYL+tU3Eaj2JjOOGo94/mu2LbCRVCwtGEnQdQAzYWJqxST6KSXYVl816gHTB7jnAS1JDDuXY2jvwMHsug==",
        "dependencies": {
          "FluentEmail.Core": "3.0.2",
          "MailKit": "2.10.1"
        }
      },
      "FluentValidation.DependencyInjectionExtensions": {
        "type": "Direct",
        "requested": "[11.9.2, )",
        "resolved": "11.9.2",
        "contentHash": "PMAdnR1fX1c8DyUvu5YvRa0V0JHES8vzXnVX0OSS3z9W/SkuHqcGrtiSOdW1QehG3vZhXsKhqf3wgDzW/OYahA==",
        "dependencies": {
          "FluentValidation": "11.9.2",
          "Microsoft.Extensions.Dependencyinjection.Abstractions": "2.1.0"
        }
      },
      "Microsoft.AspNetCore.Authentication.JwtBearer": {
        "type": "Direct",
        "requested": "[8.0.7, )",
        "resolved": "8.0.7",
        "contentHash": "HXcmJizLBx9mP2XtHZZgvi3GZCrGg98PMQ9AozrF1/RqSffp9CqCiTdrz7TaFLqOUph/S4hqx/IJD18Al+zE+w==",
        "dependencies": {
          "Microsoft.IdentityModel.Protocols.OpenIdConnect": "7.1.2"
        }
      },
      "Microsoft.AspNetCore.Mvc.NewtonsoftJson": {
        "type": "Direct",
        "requested": "[8.0.8, )",
        "resolved": "8.0.8",
        "contentHash": "KL3lI8GmCnnROwDrbWbboVpHiXSNTyoLgYPdHus3hEjAwhSAm1JU5S+rmZk7w3Qt0rQfHVIFxKwCf6yapeZy+w==",
        "dependencies": {
          "Microsoft.AspNetCore.JsonPatch": "8.0.8",
          "Newtonsoft.Json": "13.0.3",
          "Newtonsoft.Json.Bson": "1.0.2"
        }
      },
      "NSwag.AspNetCore": {
        "type": "Direct",
        "requested": "[14.1.0, )",
        "resolved": "14.1.0",
        "contentHash": "AAKr7sHsAsdFV4Bg2BiDUaZjHsDCd9FA9MmiaBJTjfBGoRWN/C5j9+J0EPBWMhaeHrmXGCqanJDlAgQDg1aqVA==",
        "dependencies": {
          "Microsoft.Extensions.ApiDescription.Server": "6.0.3",
          "Microsoft.Extensions.FileProviders.Embedded": "8.0.0",
          "NSwag.Annotations": "14.1.0",
          "NSwag.Core": "14.1.0",
          "NSwag.Core.Yaml": "14.1.0",
          "NSwag.Generation": "14.1.0",
          "NSwag.Generation.AspNetCore": "14.1.0"
        }
      },
      "Serilog.AspNetCore": {
        "type": "Direct",
        "requested": "[8.0.3, )",
        "resolved": "8.0.3",
        "contentHash": "Y5at41mc0OV982DEJslBKHd6uzcWO6POwR3QceJ6gtpMPxCzm4+FElGPF0RdaTD7MGsP6XXE05LMbSi0NO+sXg==",
        "dependencies": {
          "Microsoft.Extensions.Logging": "8.0.0",
          "Serilog": "3.1.1",
          "Serilog.Extensions.Hosting": "8.0.0",
          "Serilog.Formatting.Compact": "2.0.0",
          "Serilog.Settings.Configuration": "8.0.4",
          "Serilog.Sinks.Console": "5.0.0",
          "Serilog.Sinks.Debug": "2.0.0",
          "Serilog.Sinks.File": "5.0.0"
        }
      },
      "Serilog.Sinks.Seq": {
        "type": "Direct",
        "requested": "[8.0.0, )",
        "resolved": "8.0.0",
        "contentHash": "z5ig56/qzjkX6Fj4U/9m1g8HQaQiYPMZS4Uevtjg1I+WWzoGSf5t/E+6JbMP/jbZYhU63bA5NJN5y0x+qqx2Bw==",
        "dependencies": {
          "Serilog": "4.0.0",
          "Serilog.Sinks.File": "5.0.0"
        }
      },
      "FluentEmail.Core": {
        "type": "Transitive",
        "resolved": "3.0.2",
        "contentHash": "uQFFbJgMhhCFUti7pfMi429fMNi7fLGMj+7uDtD7POlQzLxlhXJ6tmt4Y1SI51sZsA36GO5b7+o29eY/dKiICQ==",
        "dependencies": {
          "Microsoft.Extensions.DependencyInjection.Abstractions": "5.0.0"
        }
      },
      "FluentEmail.Razor": {
        "type": "Transitive",
        "resolved": "3.0.2",
        "contentHash": "XdZS2n9jjrx2qzyBGvgstYFIm2laYo1j7YMUZI0rylZhpZHIic3taWqe78xF5dcsXpJvucmxRCshhF6hl02Dmw==",
        "dependencies": {
          "FluentEmail.Core": "3.0.2",
          "RazorLight": "2.0.0-rc.3"
        }
      },
      "FluentEmail.SendGrid": {
        "type": "Transitive",
        "resolved": "3.0.2",
        "contentHash": "R2cbz3C2s/bxle1X5aHzz6/vpI1gflD7j78I78wFETUq7wrT4hIhTeOABK7rr7Lca3irnGdXCx2S5jgXiPiWcw==",
        "dependencies": {
          "FluentEmail.Core": "3.0.2",
          "Sendgrid": "9.22.0"
        }
      },
      "FluentValidation": {
        "type": "Transitive",
        "resolved": "11.11.0",
        "contentHash": "cyIVdQBwSipxWG8MA3Rqox7iNbUNUTK5bfJi9tIdm4CAfH71Oo5ABLP4/QyrUwuakqpUEPGtE43BDddvEehuYw=="
      },
      "Konscious.Security.Cryptography.Argon2": {
        "type": "Transitive",
        "resolved": "1.3.1",
        "contentHash": "T+OAGwzYYXftahpOxO7J4xA5K6urxwGnWQf3M+Jpi+76Azv/0T3M5SuN+h7/QvXuiqNw3ZEZ5QqVLI5ygDAylw==",
        "dependencies": {
          "Konscious.Security.Cryptography.Blake2": "1.1.1",
          "System.Memory": "4.5.4"
        }
      },
      "Konscious.Security.Cryptography.Blake2": {
        "type": "Transitive",
        "resolved": "1.1.1",
        "contentHash": "odwOyzj/J/lHJZNwFWJGU/LRecBShupAJ2S8TQqZfhUe9niHzu/voBYK5wuVKsvSpzbfupKQYZguVyIk1sgOkQ=="
      },
      "MailKit": {
        "type": "Transitive",
        "resolved": "2.10.1",
        "contentHash": "CG0utzggjYutAzlOnuY+2yS2HGL4WFTbAYtU73vBSGdHKMXNRnVy9onITGqz1Rmmq5Q63de/ZJBXzNyNPCx9Mw==",
        "dependencies": {
          "MimeKit": "2.10.1"
        }
      },
      "Microsoft.AspNetCore.Cryptography.Internal": {
        "type": "Transitive",
        "resolved": "8.0.8",
        "contentHash": "VrfHrQwvj8p5W3z+PhHCkUMgpPnThJ9ZDeu+AJrFGWFvHSA6sI7iP/k9LjqkdFXsFezlOOZWNAgB6EH9gCCA4g=="
      },
      "Microsoft.AspNetCore.Cryptography.KeyDerivation": {
        "type": "Transitive",
        "resolved": "8.0.8",
        "contentHash": "Ct73TxRAPhQ8OqckzgIUPjJ1/WXnQbOnGjqbvTyPmMptdOg9YJ9wXQh9U+da2s6nki54mcZAyonvaKXLsrXhKQ==",
        "dependencies": {
          "Microsoft.AspNetCore.Cryptography.Internal": "8.0.8"
        }
      },
      "Microsoft.AspNetCore.Identity.EntityFrameworkCore": {
        "type": "Transitive",
        "resolved": "8.0.8",
        "contentHash": "OtjXwZkWdW7UTQ1XR/IGWmeVCujnly0fjjCbUxsjHC1o3cB9iWQRTREdL4931Ulwk9RRgjYQ/mAo7k8ggcZ9xQ==",
        "dependencies": {
          "Microsoft.EntityFrameworkCore.Relational": "8.0.8",
          "Microsoft.Extensions.Identity.Stores": "8.0.8"
        }
      },
      "Microsoft.AspNetCore.JsonPatch": {
        "type": "Transitive",
        "resolved": "8.0.8",
        "contentHash": "IGhuO/SsjHIIvFP4O/5pn/WcPJor+A+BERBhIkMYrlYcRXnZmbBBNSyqoNI9wFq0oxtsrnYMnzXAIi+0MKVdSA==",
        "dependencies": {
          "Microsoft.CSharp": "4.7.0",
          "Newtonsoft.Json": "13.0.3"
        }
      },
      "Microsoft.AspNetCore.Mvc.Razor.Extensions": {
        "type": "Transitive",
        "resolved": "6.0.0",
        "contentHash": "M0h+ChPgydX2xY17agiphnAVa/Qh05RAP8eeuqGGhQKT10claRBlLNO6d2/oSV8zy0RLHzwLnNZm5xuC/gckGA==",
        "dependencies": {
          "Microsoft.AspNetCore.Razor.Language": "6.0.0",
          "Microsoft.CodeAnalysis.Razor": "6.0.0"
        }
      },
      "Microsoft.AspNetCore.Mvc.Razor.RuntimeCompilation": {
        "type": "Transitive",
        "resolved": "8.0.0",
        "contentHash": "HyLDtyWwpavSEFBOL0qOdymY8f+VwN5QhhE7gj3wBw53j9EA0ZcYkbfTvkhvMeV9PavgCcMIe4sAsBGEE/YnNA==",
        "dependencies": {
          "Microsoft.AspNetCore.Mvc.Razor.Extensions": "6.0.0",
          "Microsoft.CodeAnalysis.Razor": "6.0.0",
          "Microsoft.Extensions.DependencyModel": "8.0.0"
        }
      },
      "Microsoft.AspNetCore.Razor.Language": {
        "type": "Transitive",
        "resolved": "6.0.0",
        "contentHash": "yCtBr1GSGzJrrp1NJUb4ltwFYMKHw/tJLnIDvg9g/FnkGIEzmE19tbCQqXARIJv5kdtBgsoVIdGLL+zmjxvM/A=="
      },
      "Microsoft.CodeAnalysis.Analyzers": {
        "type": "Transitive",
        "resolved": "3.3.2",
        "contentHash": "7xt6zTlIEizUgEsYAIgm37EbdkiMmr6fP6J9pDoKEpiGM4pi32BCPGr/IczmSJI9Zzp0a6HOzpr9OvpMP+2veA=="
      },
      "Microsoft.CodeAnalysis.Common": {
        "type": "Transitive",
        "resolved": "4.0.0",
        "contentHash": "d02ybMhUJl1r/dI6SkJPHrTiTzXBYCZeJdOLMckV+jyoMU/GGkjqFX/sRbv1K0QmlpwwKuLTiYVQvfYC+8ox2g==",
        "dependencies": {
          "Microsoft.CodeAnalysis.Analyzers": "3.3.2",
          "System.Collections.Immutable": "5.0.0",
          "System.Memory": "4.5.4",
          "System.Reflection.Metadata": "5.0.0",
          "System.Runtime.CompilerServices.Unsafe": "5.0.0",
          "System.Text.Encoding.CodePages": "4.5.1",
          "System.Threading.Tasks.Extensions": "4.5.4"
        }
      },
      "Microsoft.CodeAnalysis.CSharp": {
        "type": "Transitive",
        "resolved": "4.0.0",
        "contentHash": "2UVTGtyQGgTCazvnT6t82f+7AV2L+kqJdyb61rT9GQed4yK+tVh5IkaKcsm70VqyZQhBbDqsfZFNHnY65xhrRw==",
        "dependencies": {
          "Microsoft.CodeAnalysis.Common": "[4.0.0]"
        }
      },
      "Microsoft.CodeAnalysis.Razor": {
        "type": "Transitive",
        "resolved": "6.0.0",
        "contentHash": "uqdzuQXxD7XrJCbIbbwpI/LOv0PBJ9VIR0gdvANTHOfK5pjTaCir+XcwvYvBZ5BIzd0KGzyiamzlEWw1cK1q0w==",
        "dependencies": {
          "Microsoft.AspNetCore.Razor.Language": "6.0.0",
          "Microsoft.CodeAnalysis.CSharp": "4.0.0",
          "Microsoft.CodeAnalysis.Common": "4.0.0"
        }
      },
      "Microsoft.CSharp": {
        "type": "Transitive",
        "resolved": "4.7.0",
        "contentHash": "pTj+D3uJWyN3My70i2Hqo+OXixq3Os2D1nJ2x92FFo6sk8fYS1m1WLNTs0Dc1uPaViH0YvEEwvzddQ7y4rhXmA=="
      },
      "Microsoft.Data.Sqlite.Core": {
        "type": "Transitive",
        "resolved": "8.0.8",
        "contentHash": "qHInO2EvOcPhjgboP0TGnXM7rASdvWXrw6jAH8Yuz5YP82VTje7d/NKiX1i+dVbE3+G3JuW1kqNVB8yLvsqgYA==",
        "dependencies": {
          "SQLitePCLRaw.core": "2.1.6"
        }
      },
      "Microsoft.EntityFrameworkCore": {
        "type": "Transitive",
        "resolved": "8.0.8",
        "contentHash": "iK+jrJzkfbIxutB7or808BPmJtjUEi5O+eSM7cLDwsyde6+3iOujCSfWnrHrLxY3u+EQrJD+aD8DJ6ogPA2Rtw==",
        "dependencies": {
          "Microsoft.EntityFrameworkCore.Abstractions": "8.0.8",
          "Microsoft.EntityFrameworkCore.Analyzers": "8.0.8",
          "Microsoft.Extensions.Caching.Memory": "8.0.0",
          "Microsoft.Extensions.Logging": "8.0.0"
        }
      },
      "Microsoft.EntityFrameworkCore.Abstractions": {
        "type": "Transitive",
        "resolved": "8.0.8",
        "contentHash": "9mMQkZsfL1c2iifBD8MWRmwy59rvsVtR9NOezJj7+g1j4P7g49MJHd8k8faC/v7d5KuHkQ6KOQiSItvoRt9PXA=="
      },
      "Microsoft.EntityFrameworkCore.Analyzers": {
        "type": "Transitive",
        "resolved": "8.0.8",
        "contentHash": "OlAXMU+VQgLz5y5/SBkLvAa9VeiR3dlJqgIebEEH2M2NGA3evm68/Tv7SLWmSxwnEAtA3nmDEZF2pacK6eXh4Q=="
      },
      "Microsoft.EntityFrameworkCore.Relational": {
        "type": "Transitive",
        "resolved": "8.0.8",
        "contentHash": "3WnrwdXxKg4L98cDx0lNEEau8U2lsfuBJCs0Yzht+5XVTmahboM7MukKfQHAzVsHUPszm6ci929S7Qas0WfVHA==",
        "dependencies": {
          "Microsoft.EntityFrameworkCore": "8.0.8",
          "Microsoft.Extensions.Configuration.Abstractions": "8.0.0"
        }
      },
      "Microsoft.EntityFrameworkCore.Sqlite": {
        "type": "Transitive",
        "resolved": "8.0.8",
        "contentHash": "IDB7Xs16hN/3VkWFCCa4r3fqoJxMVezwq418gr8dBkRBO0pxH+BX/Kjk/U3PYXDvzVLkXqUgJsHv1XoFrJbZPQ==",
        "dependencies": {
          "Microsoft.EntityFrameworkCore.Sqlite.Core": "8.0.8",
          "SQLitePCLRaw.bundle_e_sqlite3": "2.1.6"
        }
      },
      "Microsoft.EntityFrameworkCore.Sqlite.Core": {
        "type": "Transitive",
        "resolved": "8.0.8",
        "contentHash": "w5k/ENj3+BPbmggqh83RRuPhhKcJmW7CmdJuGwdX1eFrmptJwnzKiHfQCPkJAu9df16PSs5YFeWrDgepfqnltA==",
        "dependencies": {
          "Microsoft.Data.Sqlite.Core": "8.0.8",
          "Microsoft.EntityFrameworkCore.Relational": "8.0.8",
          "Microsoft.Extensions.DependencyModel": "8.0.1"
        }
      },
      "Microsoft.Extensions.ApiDescription.Server": {
        "type": "Transitive",
        "resolved": "6.0.3",
        "contentHash": "/FkS66n3wJaUR+Grkg+dMMIyrfmfkEybNoyOhdBMURxavPx6Q1Kn7NY5Ho41s975gpXA9Pnw7WRJbxwICLFgbw=="
      },
      "Microsoft.Extensions.Caching.Abstractions": {
        "type": "Transitive",
        "resolved": "8.0.0",
        "contentHash": "3KuSxeHoNYdxVYfg2IRZCThcrlJ1XJqIXkAWikCsbm5C/bCjv7G0WoKDyuR98Q+T607QT2Zl5GsbGRkENcV2yQ==",
        "dependencies": {
          "Microsoft.Extensions.Primitives": "8.0.0"
        }
      },
      "Microsoft.Extensions.Caching.Memory": {
        "type": "Transitive",
        "resolved": "8.0.0",
        "contentHash": "7pqivmrZDzo1ADPkRwjy+8jtRKWRCPag9qPI+p7sgu7Q4QreWhcvbiWXsbhP+yY8XSiDvZpu2/LWdBv7PnmOpQ==",
        "dependencies": {
          "Microsoft.Extensions.Caching.Abstractions": "8.0.0",
          "Microsoft.Extensions.DependencyInjection.Abstractions": "8.0.0",
          "Microsoft.Extensions.Logging.Abstractions": "8.0.0",
          "Microsoft.Extensions.Options": "8.0.0",
          "Microsoft.Extensions.Primitives": "8.0.0"
        }
      },
      "Microsoft.Extensions.Configuration.Abstractions": {
        "type": "Transitive",
        "resolved": "8.0.0",
        "contentHash": "3lE/iLSutpgX1CC0NOW70FJoGARRHbyKmG7dc0klnUZ9Dd9hS6N/POPWhKhMLCEuNN5nXEY5agmlFtH562vqhQ==",
        "dependencies": {
          "Microsoft.Extensions.Primitives": "8.0.0"
        }
      },
      "Microsoft.Extensions.Configuration.Binder": {
        "type": "Transitive",
        "resolved": "8.0.0",
        "contentHash": "mBMoXLsr5s1y2zOHWmKsE9veDcx8h1x/c3rz4baEdQKTeDcmQAPNbB54Pi/lhFO3K431eEq6PFbMgLaa6PHFfA==",
        "dependencies": {
          "Microsoft.Extensions.Configuration.Abstractions": "8.0.0"
        }
      },
      "Microsoft.Extensions.DependencyInjection": {
        "type": "Transitive",
        "resolved": "8.0.0",
        "contentHash": "V8S3bsm50ig6JSyrbcJJ8bW2b9QLGouz+G1miK3UTaOWmMtFwNNNzUf4AleyDWUmTrWMLNnFSLEQtxmxgNQnNQ==",
        "dependencies": {
          "Microsoft.Extensions.DependencyInjection.Abstractions": "8.0.0"
        }
      },
      "Microsoft.Extensions.DependencyInjection.Abstractions": {
        "type": "Transitive",
        "resolved": "8.0.0",
        "contentHash": "cjWrLkJXK0rs4zofsK4bSdg+jhDLTaxrkXu4gS6Y7MAlCvRyNNgwY/lJi5RDlQOnSZweHqoyvgvbdvQsRIW+hg=="
      },
      "Microsoft.Extensions.DependencyModel": {
        "type": "Transitive",
        "resolved": "8.0.2",
        "contentHash": "mUBDZZRgZrSyFOsJ2qJJ9fXfqd/kXJwf3AiDoqLD9m6TjY5OO/vLNOb9fb4juC0487eq4hcGN/M2Rh/CKS7QYw=="
      },
      "Microsoft.Extensions.Diagnostics.Abstractions": {
        "type": "Transitive",
        "resolved": "8.0.0",
        "contentHash": "JHYCQG7HmugNYUhOl368g+NMxYE/N/AiclCYRNlgCY9eVyiBkOHMwK4x60RYMxv9EL3+rmj1mqHvdCiPpC+D4Q==",
        "dependencies": {
          "Microsoft.Extensions.DependencyInjection.Abstractions": "8.0.0",
          "Microsoft.Extensions.Options": "8.0.0",
          "System.Diagnostics.DiagnosticSource": "8.0.0"
        }
      },
      "Microsoft.Extensions.FileProviders.Abstractions": {
        "type": "Transitive",
        "resolved": "8.0.0",
        "contentHash": "ZbaMlhJlpisjuWbvXr4LdAst/1XxH3vZ6A0BsgTphZ2L4PGuxRLz7Jr/S7mkAAnOn78Vu0fKhEgNF5JO3zfjqQ==",
        "dependencies": {
          "Microsoft.Extensions.Primitives": "8.0.0"
        }
      },
      "Microsoft.Extensions.FileProviders.Embedded": {
        "type": "Transitive",
        "resolved": "8.0.0",
        "contentHash": "TuRh62KcoOvaSDCbtHT8K0WYptZysYQHPRRNfOgqF7ZUtUL4O0WMV8RdxbtDFJDsg3jv9bgHwXbrgwTeI9+5uQ==",
        "dependencies": {
          "Microsoft.Extensions.FileProviders.Abstractions": "8.0.0"
        }
      },
      "Microsoft.Extensions.FileProviders.Physical": {
        "type": "Transitive",
        "resolved": "6.0.0",
        "contentHash": "QvkL7l0nM8udt3gfyu0Vw8bbCXblxaKOl7c2oBfgGy4LCURRaL9XWZX1FWJrQc43oMokVneVxH38iz+bY1sbhg==",
        "dependencies": {
          "Microsoft.Extensions.FileProviders.Abstractions": "6.0.0",
          "Microsoft.Extensions.FileSystemGlobbing": "6.0.0",
          "Microsoft.Extensions.Primitives": "6.0.0"
        }
      },
      "Microsoft.Extensions.FileSystemGlobbing": {
        "type": "Transitive",
        "resolved": "6.0.0",
        "contentHash": "ip8jnL1aPiaPeKINCqaTEbvBFDmVx9dXQEBZ2HOBRXPD1eabGNqP/bKlsIcp7U2lGxiXd5xIhoFcmY8nM4Hdiw=="
      },
      "Microsoft.Extensions.Hosting.Abstractions": {
        "type": "Transitive",
        "resolved": "8.0.0",
        "contentHash": "AG7HWwVRdCHlaA++1oKDxLsXIBxmDpMPb3VoyOoAghEWnkUvEAdYQUwnV4jJbAaa/nMYNiEh5ByoLauZBEiovg==",
        "dependencies": {
          "Microsoft.Extensions.Configuration.Abstractions": "8.0.0",
          "Microsoft.Extensions.DependencyInjection.Abstractions": "8.0.0",
          "Microsoft.Extensions.Diagnostics.Abstractions": "8.0.0",
          "Microsoft.Extensions.FileProviders.Abstractions": "8.0.0",
          "Microsoft.Extensions.Logging.Abstractions": "8.0.0"
        }
      },
      "Microsoft.Extensions.Identity.Core": {
        "type": "Transitive",
        "resolved": "8.0.8",
        "contentHash": "ICzYDXrPFaJWX2c/fp+AvltzVu2LZIe5eK5+JbxndTjGqYEzAAW9jwKSaBq9c3QF0wM9c3SjI80E2Kcn+l9prg==",
        "dependencies": {
          "Microsoft.AspNetCore.Cryptography.KeyDerivation": "8.0.8",
          "Microsoft.Extensions.Logging": "8.0.0",
          "Microsoft.Extensions.Options": "8.0.2"
        }
      },
      "Microsoft.Extensions.Identity.Stores": {
        "type": "Transitive",
        "resolved": "8.0.8",
        "contentHash": "Lmv3ZQMmanFVacoGChUIP+PhyIsDPFvhbiMX4o/BwJtViZw2ofHXn0CwTlytkBk1zW6S39rGpkfrtAWIUzzLZA==",
        "dependencies": {
          "Microsoft.Extensions.Caching.Abstractions": "8.0.0",
          "Microsoft.Extensions.Identity.Core": "8.0.8",
          "Microsoft.Extensions.Logging": "8.0.0"
        }
      },
      "Microsoft.Extensions.Logging": {
        "type": "Transitive",
        "resolved": "8.0.0",
        "contentHash": "tvRkov9tAJ3xP51LCv3FJ2zINmv1P8Hi8lhhtcKGqM+ImiTCC84uOPEI4z8Cdq2C3o9e+Aa0Gw0rmrsJD77W+w==",
        "dependencies": {
          "Microsoft.Extensions.DependencyInjection": "8.0.0",
          "Microsoft.Extensions.Logging.Abstractions": "8.0.0",
          "Microsoft.Extensions.Options": "8.0.0"
        }
      },
      "Microsoft.Extensions.Logging.Abstractions": {
        "type": "Transitive",
        "resolved": "8.0.0",
        "contentHash": "arDBqTgFCyS0EvRV7O3MZturChstm50OJ0y9bDJvAcmEPJm0FFpFyjU/JLYyStNGGey081DvnQYlncNX5SJJGA==",
        "dependencies": {
          "Microsoft.Extensions.DependencyInjection.Abstractions": "8.0.0"
        }
      },
      "Microsoft.Extensions.Options": {
        "type": "Transitive",
        "resolved": "8.0.2",
        "contentHash": "dWGKvhFybsaZpGmzkGCbNNwBD1rVlWzrZKANLW/CcbFJpCEceMCGzT7zZwHOGBCbwM0SzBuceMj5HN1LKV1QqA==",
        "dependencies": {
          "Microsoft.Extensions.DependencyInjection.Abstractions": "8.0.0",
          "Microsoft.Extensions.Primitives": "8.0.0"
        }
      },
      "Microsoft.Extensions.Primitives": {
        "type": "Transitive",
        "resolved": "8.0.0",
        "contentHash": "bXJEZrW9ny8vjMF1JV253WeLhpEVzFo1lyaZu1vQ4ZxWUlVvknZ/+ftFgVheLubb4eZPSwwxBeqS1JkCOjxd8g=="
      },
      "Microsoft.IdentityModel.Abstractions": {
        "type": "Transitive",
        "resolved": "8.0.1",
        "contentHash": "OtlIWcyX01olfdevPKZdIPfBEvbcioDyBiE/Z2lHsopsMD7twcKtlN9kMevHmI5IIPhFpfwCIiR6qHQz1WHUIw=="
      },
      "Microsoft.IdentityModel.JsonWebTokens": {
        "type": "Transitive",
        "resolved": "8.0.1",
        "contentHash": "s6++gF9x0rQApQzOBbSyp4jUaAlwm+DroKfL8gdOHxs83k8SJfUXhuc46rDB3rNXBQ1MVRxqKUrqFhO/M0E97g==",
        "dependencies": {
          "Microsoft.IdentityModel.Tokens": "8.0.1"
        }
      },
      "Microsoft.IdentityModel.Logging": {
        "type": "Transitive",
        "resolved": "8.0.1",
        "contentHash": "UCPF2exZqBXe7v/6sGNiM6zCQOUXXQ9+v5VTb9gPB8ZSUPnX53BxlN78v2jsbIvK9Dq4GovQxo23x8JgWvm/Qg==",
        "dependencies": {
          "Microsoft.IdentityModel.Abstractions": "8.0.1"
        }
      },
      "Microsoft.IdentityModel.Protocols": {
        "type": "Transitive",
        "resolved": "7.1.2",
        "contentHash": "SydLwMRFx6EHPWJ+N6+MVaoArN1Htt92b935O3RUWPY1yUF63zEjvd3lBu79eWdZUwedP8TN2I5V9T3nackvIQ==",
        "dependencies": {
          "Microsoft.IdentityModel.Logging": "7.1.2",
          "Microsoft.IdentityModel.Tokens": "7.1.2"
        }
      },
      "Microsoft.IdentityModel.Protocols.OpenIdConnect": {
        "type": "Transitive",
        "resolved": "7.1.2",
        "contentHash": "6lHQoLXhnMQ42mGrfDkzbIOR3rzKM1W1tgTeMPLgLCqwwGw0d96xFi/UiX/fYsu7d6cD5MJiL3+4HuI8VU+sVQ==",
        "dependencies": {
          "Microsoft.IdentityModel.Protocols": "7.1.2",
          "System.IdentityModel.Tokens.Jwt": "7.1.2"
        }
      },
      "Microsoft.IdentityModel.Tokens": {
        "type": "Transitive",
        "resolved": "8.0.1",
        "contentHash": "kDimB6Dkd3nkW2oZPDkMkVHfQt3IDqO5gL0oa8WVy3OP4uE8Ij+8TXnqg9TOd9ufjsY3IDiGz7pCUbnfL18tjg==",
        "dependencies": {
          "Microsoft.IdentityModel.Logging": "8.0.1"
        }
      },
      "Microsoft.NETCore.Platforms": {
        "type": "Transitive",
        "resolved": "2.1.2",
        "contentHash": "mOJy3M0UN+LUG21dLGMxaWZEP6xYpQEpLuvuEQBaownaX4YuhH6NmNUlN9si+vNkAS6dwJ//N1O4DmLf2CikVg=="
      },
      "MimeKit": {
        "type": "Transitive",
        "resolved": "2.10.1",
        "contentHash": "rBpIsOdgpMvcNraBDgQSSNCk/MVxxFv7VX2Qq1WnFJ4AnvjIU+r12gaKs6r+SRvCEZWvC5CQlKHuoQbIbO/brA==",
        "dependencies": {
          "Portable.BouncyCastle": "1.8.8",
          "System.Buffers": "4.5.1",
          "System.Reflection.TypeExtensions": "4.4.0",
          "System.Security.Cryptography.Pkcs": "4.7.0",
          "System.Text.Encoding.CodePages": "4.4.0"
        }
      },
      "Namotion.Reflection": {
        "type": "Transitive",
        "resolved": "3.1.1",
        "contentHash": "Qn0wM7u9TpSpja2x8UVexr2bLHb1DGMNhD2TCz3woklxaY1oH+Sitrw9fg/4YbNoNtczeH2jf+yPdXMQlgvFlQ==",
        "dependencies": {
          "Microsoft.CSharp": "4.3.0"
        }
      },
      "Newtonsoft.Json": {
        "type": "Transitive",
        "resolved": "13.0.3",
        "contentHash": "HrC5BXdl00IP9zeV+0Z848QWPAoCr9P3bDEZguI+gkLcBKAOxix/tLEAAHC+UvDNPv4a2d18lOReHMOagPa+zQ=="
      },
      "Newtonsoft.Json.Bson": {
        "type": "Transitive",
        "resolved": "1.0.2",
        "contentHash": "QYFyxhaABwmq3p/21VrZNYvCg3DaEoN/wUuw5nmfAf0X3HLjgupwhkEWdgfb9nvGAUIv3osmZoD3kKl4jxEmYQ==",
        "dependencies": {
          "Newtonsoft.Json": "12.0.1"
        }
      },
      "NJsonSchema": {
        "type": "Transitive",
        "resolved": "11.0.2",
        "contentHash": "BOgw+TOd1w7BSRIEWwkiSgHlKWC2eu0DHsSsb1LIwlC1Hq26A0ARZiMjsCsqfXqXdr7hLf1m4M84Z7LW1wmCGA==",
        "dependencies": {
          "NJsonSchema.Annotations": "11.0.2",
          "Namotion.Reflection": "3.1.1",
          "Newtonsoft.Json": "13.0.3"
        }
      },
      "NJsonSchema.Annotations": {
        "type": "Transitive",
        "resolved": "11.0.2",
        "contentHash": "VbA0fmxVyqloGXYz863g6QHyojM1tgejwPQr9LjXdubs9YJt5YfRPCQOV/hnzpP2Bqd7nZFpDn9MCImmLAmqCw=="
      },
      "NJsonSchema.NewtonsoftJson": {
        "type": "Transitive",
        "resolved": "11.0.2",
        "contentHash": "tTVG8h7qfw6anxlhXGx3oUz7f3ig+t9jO3yrho73ypvMZ7DCyFtiaF5gG3GqBDZXM49ONogDmTZ+8HTG6AKaNQ==",
        "dependencies": {
          "NJsonSchema": "11.0.2",
          "Newtonsoft.Json": "13.0.3"
        }
      },
      "NJsonSchema.Yaml": {
        "type": "Transitive",
        "resolved": "11.0.2",
        "contentHash": "MtJSCP9c1FGIjJ/kb8qNx/KCRrlk4LMg6Pjk+7j9cfFFHPg3mEYgUHjp7QvN+tNs3IFZrARc2oiZVzICr6Au8g==",
        "dependencies": {
          "NJsonSchema": "11.0.2",
          "YamlDotNet": "15.1.4"
        }
      },
      "Npgsql": {
        "type": "Transitive",
        "resolved": "8.0.4",
        "contentHash": "vaYEUlF/pB9m8bs21wQv3Da0kMHT4A9USe47VfY/L2BO97xz5KfIxhEu22QS9d68ZrLxvtL3wQDfDLPr2OjbjA==",
        "dependencies": {
          "Microsoft.Extensions.Logging.Abstractions": "8.0.0"
        }
      },
      "Npgsql.EntityFrameworkCore.PostgreSQL": {
        "type": "Transitive",
        "resolved": "8.0.8",
        "contentHash": "D5WWJZJTgZYUmGv66BARXbTlinp2a5f5RueJqGYoHuWJw02J0i2va/RA+8N4A5hLORK5YKMRqXhFWtKsZdrksw==",
        "dependencies": {
          "Microsoft.EntityFrameworkCore": "8.0.8",
          "Microsoft.EntityFrameworkCore.Abstractions": "8.0.8",
          "Microsoft.EntityFrameworkCore.Relational": "8.0.8",
          "Npgsql": "8.0.4"
        }
      },
      "NSwag.Annotations": {
        "type": "Transitive",
        "resolved": "14.1.0",
        "contentHash": "Cp/ftZRTptNmdiz7tuvH6zRwUUNO79cwTbmXutm0MvbBh3lulKmmaxmcqWrBJYrTa8WcetNu9BqeQEZ7dGto/Q=="
      },
      "NSwag.Core": {
        "type": "Transitive",
        "resolved": "14.1.0",
        "contentHash": "p8Yf22yhitpU185HBfxRwDPwQ89gV6gEt7Svt3LfVR8ZfWBkPWNooMrelBLoK3vigf3t+kIkYBF3kXkFk9AsJA==",
        "dependencies": {
          "NJsonSchema": "11.0.2"
        }
      },
      "NSwag.Core.Yaml": {
        "type": "Transitive",
        "resolved": "14.1.0",
        "contentHash": "1VH5ymsIYJp5tl8KQMUbPbYhWzzWaktFY3mx6iAvTFJff1P9HrYVf6K8NEdi0kSZ4xLnFVSK1tfFuhoBiJRdJg==",
        "dependencies": {
          "NJsonSchema.Yaml": "11.0.2",
          "NSwag.Core": "14.1.0"
        }
      },
      "NSwag.Generation": {
        "type": "Transitive",
        "resolved": "14.1.0",
        "contentHash": "SnOFXH3qObBp8JBY8KfFLBx1C9w/MvXXXp4YAKmWr2MsFWWtSzn3/lkAbTVAJO3kW/9wQIDwi2XQ3KYyDIImiw==",
        "dependencies": {
          "NJsonSchema.NewtonsoftJson": "11.0.2",
          "NSwag.Core": "14.1.0"
        }
      },
      "NSwag.Generation.AspNetCore": {
        "type": "Transitive",
        "resolved": "14.1.0",
        "contentHash": "o2qaMZCINdM+GZl3U8Ck7GnDkG+I8bAvFZSl0dbD2J4Uubxov+C2Wahh/Kqpc+yQ4+zmWaBuBYreORCp6iaP6w==",
        "dependencies": {
          "Microsoft.Extensions.DependencyInjection.Abstractions": "8.0.0",
          "Microsoft.Extensions.Options": "8.0.0",
          "NSwag.Generation": "14.1.0"
        }
      },
      "Portable.BouncyCastle": {
        "type": "Transitive",
        "resolved": "1.8.8",
        "contentHash": "1rxdf8NfyAxLlqIEciCl/yNhmz1YiLkmp6rrF8p3/NVmyHHzPWLx8djtDvSAwhPLg64BXvsRcM3+5bP1HAUdYg=="
      },
      "RazorLight": {
        "type": "Transitive",
        "resolved": "2.3.1",
        "contentHash": "Eegx5xEQ2AvydJB5lHTZgIQQyCZJ6NLJb1ePinAGmv5S42rvj8o/FRZFxrB0jQhXmA4uu93x+J/ZVE1qBv4dLw==",
        "dependencies": {
          "Microsoft.AspNetCore.Mvc.Razor.Extensions": "6.0.0",
          "Microsoft.CodeAnalysis.Razor": "6.0.0",
          "Microsoft.Extensions.Caching.Abstractions": "6.0.0",
          "Microsoft.Extensions.Caching.Memory": "6.0.0",
          "Microsoft.Extensions.DependencyInjection": "6.0.0",
          "Microsoft.Extensions.DependencyModel": "6.0.0",
          "Microsoft.Extensions.FileProviders.Physical": "6.0.0",
          "Microsoft.Extensions.Primitives": "6.0.0",
          "System.Buffers": "4.5.1"
        }
      },
      "SendGrid": {
        "type": "Transitive",
        "resolved": "9.29.3",
        "contentHash": "nb/zHePecN9U4/Bmct+O+lpgK994JklbCCNMIgGPOone/DngjQoMCHeTvkl+m0Nglvm0dqMEshmvB4fO8eF3dA==",
        "dependencies": {
          "Newtonsoft.Json": "13.0.1",
          "starkbank-ecdsa": "[1.3.3, 2.0.0)"
        }
      },
      "Serilog": {
        "type": "Transitive",
        "resolved": "4.0.0",
        "contentHash": "2jDkUrSh5EofOp7Lx5Zgy0EB+7hXjjxE2ktTb1WVQmU00lDACR2TdROGKU0K1pDTBSJBN1PqgYpgOZF8mL7NJw=="
      },
      "Serilog.Extensions.Hosting": {
        "type": "Transitive",
        "resolved": "8.0.0",
        "contentHash": "db0OcbWeSCvYQkHWu6n0v40N4kKaTAXNjlM3BKvcbwvNzYphQFcBR+36eQ/7hMMwOkJvAyLC2a9/jNdUL5NjtQ==",
        "dependencies": {
          "Microsoft.Extensions.DependencyInjection.Abstractions": "8.0.0",
          "Microsoft.Extensions.Hosting.Abstractions": "8.0.0",
          "Microsoft.Extensions.Logging.Abstractions": "8.0.0",
          "Serilog": "3.1.1",
          "Serilog.Extensions.Logging": "8.0.0"
        }
      },
      "Serilog.Extensions.Logging": {
        "type": "Transitive",
        "resolved": "8.0.0",
        "contentHash": "YEAMWu1UnWgf1c1KP85l1SgXGfiVo0Rz6x08pCiPOIBt2Qe18tcZLvdBUuV5o1QHvrs8FAry9wTIhgBRtjIlEg==",
        "dependencies": {
          "Microsoft.Extensions.Logging": "8.0.0",
          "Serilog": "3.1.1"
        }
      },
      "Serilog.Formatting.Compact": {
        "type": "Transitive",
        "resolved": "2.0.0",
        "contentHash": "ob6z3ikzFM3D1xalhFuBIK1IOWf+XrQq+H4KeH4VqBcPpNcmUgZlRQ2h3Q7wvthpdZBBoY86qZOI2LCXNaLlNA==",
        "dependencies": {
          "Serilog": "3.1.0"
        }
      },
      "Serilog.Settings.Configuration": {
        "type": "Transitive",
        "resolved": "8.0.4",
        "contentHash": "pkxvq0umBKK8IKFJc1aV5S/HGRG/NIxJ6FV42KaTPLfDmBOAbBUB1m5gqqlGxzEa1MgDDWtQlWJdHTSxVWNx+Q==",
        "dependencies": {
          "Microsoft.Extensions.Configuration.Binder": "8.0.0",
          "Microsoft.Extensions.DependencyModel": "8.0.2",
          "Serilog": "3.1.1"
        }
      },
      "Serilog.Sinks.Console": {
        "type": "Transitive",
        "resolved": "5.0.0",
        "contentHash": "IZ6bn79k+3SRXOBpwSOClUHikSkp2toGPCZ0teUkscv4dpDg9E2R2xVsNkLmwddE4OpNVO3N0xiYsAH556vN8Q==",
        "dependencies": {
          "Serilog": "3.1.0"
        }
      },
      "Serilog.Sinks.Debug": {
        "type": "Transitive",
        "resolved": "2.0.0",
        "contentHash": "Y6g3OBJ4JzTyyw16fDqtFcQ41qQAydnEvEqmXjhwhgjsnG/FaJ8GUqF5ldsC/bVkK8KYmqrPhDO+tm4dF6xx4A==",
        "dependencies": {
          "Serilog": "2.10.0"
        }
      },
      "Serilog.Sinks.File": {
        "type": "Transitive",
        "resolved": "5.0.0",
        "contentHash": "uwV5hdhWPwUH1szhO8PJpFiahqXmzPzJT/sOijH/kFgUx+cyoDTMM8MHD0adw9+Iem6itoibbUXHYslzXsLEAg==",
        "dependencies": {
          "Serilog": "2.10.0"
        }
      },
      "SQLitePCLRaw.bundle_e_sqlite3": {
        "type": "Transitive",
        "resolved": "2.1.6",
        "contentHash": "BmAf6XWt4TqtowmiWe4/5rRot6GerAeklmOPfviOvwLoF5WwgxcJHAxZtySuyW9r9w+HLILnm8VfJFLCUJYW8A==",
        "dependencies": {
          "SQLitePCLRaw.lib.e_sqlite3": "2.1.6",
          "SQLitePCLRaw.provider.e_sqlite3": "2.1.6"
        }
      },
      "SQLitePCLRaw.core": {
        "type": "Transitive",
        "resolved": "2.1.6",
        "contentHash": "wO6v9GeMx9CUngAet8hbO7xdm+M42p1XeJq47ogyRoYSvNSp0NGLI+MgC0bhrMk9C17MTVFlLiN6ylyExLCc5w==",
        "dependencies": {
          "System.Memory": "4.5.3"
        }
      },
      "SQLitePCLRaw.lib.e_sqlite3": {
        "type": "Transitive",
        "resolved": "2.1.6",
        "contentHash": "2ObJJLkIUIxRpOUlZNGuD4rICpBnrBR5anjyfUFQep4hMOIeqW+XGQYzrNmHSVz5xSWZ3klSbh7sFR6UyDj68Q=="
      },
      "SQLitePCLRaw.provider.e_sqlite3": {
        "type": "Transitive",
        "resolved": "2.1.6",
        "contentHash": "PQ2Oq3yepLY4P7ll145P3xtx2bX8xF4PzaKPRpw9jZlKvfe4LE/saAV82inND9usn1XRpmxXk7Lal3MTI+6CNg==",
        "dependencies": {
          "SQLitePCLRaw.core": "2.1.6"
        }
      },
      "starkbank-ecdsa": {
        "type": "Transitive",
        "resolved": "1.3.3",
        "contentHash": "OblOaKb1enXn+dSp7tsx9yjwV+/BEKM9jFhshIkZTwCk7LuTFTp+wSon6rFzuPiIiTGtvVWQNUw2slHjGktJog=="
      },
      "System.Buffers": {
        "type": "Transitive",
        "resolved": "4.5.1",
        "contentHash": "Rw7ijyl1qqRS0YQD/WycNst8hUUMgrMH4FCn1nNm27M4VxchZ1js3fVjQaANHO5f3sN4isvP4a+Met9Y4YomAg=="
      },
      "System.Collections.Immutable": {
        "type": "Transitive",
        "resolved": "5.0.0",
        "contentHash": "FXkLXiK0sVVewcso0imKQoOxjoPAj42R8HtjjbSjVPAzwDfzoyoznWxgA3c38LDbN9SJux1xXoXYAhz98j7r2g=="
      },
      "System.Diagnostics.DiagnosticSource": {
        "type": "Transitive",
        "resolved": "8.0.0",
        "contentHash": "c9xLpVz6PL9lp/djOWtk5KPDZq3cSYpmXoJQY524EOtuFl5z9ZtsotpsyrDW40U1DRnQSYvcPKEUV0X//u6gkQ=="
      },
      "System.IdentityModel.Tokens.Jwt": {
        "type": "Transitive",
        "resolved": "7.1.2",
        "contentHash": "Thhbe1peAmtSBFaV/ohtykXiZSOkx59Da44hvtWfIMFofDA3M3LaVyjstACf2rKGn4dEDR2cUpRAZ0Xs/zB+7Q==",
        "dependencies": {
          "Microsoft.IdentityModel.JsonWebTokens": "7.1.2",
          "Microsoft.IdentityModel.Tokens": "7.1.2"
        }
      },
      "System.Memory": {
        "type": "Transitive",
        "resolved": "4.5.4",
        "contentHash": "1MbJTHS1lZ4bS4FmsJjnuGJOu88ZzTT2rLvrhW7Ygic+pC0NWA+3hgAen0HRdsocuQXCkUTdFn9yHJJhsijDXw=="
      },
      "System.Reflection.Metadata": {
        "type": "Transitive",
        "resolved": "5.0.0",
        "contentHash": "5NecZgXktdGg34rh1OenY1rFNDCI8xSjFr+Z4OU4cU06AQHUdRnIIEeWENu3Wl4YowbzkymAIMvi3WyK9U53pQ=="
      },
      "System.Reflection.TypeExtensions": {
        "type": "Transitive",
        "resolved": "4.4.0",
        "contentHash": "dkmh/ySlwnXJp/1qYP9uyKkCK1CXR/REFzl7abHcArxBcV91mY2CgrrzSRA5Z/X4MevJWwXsklGRdR3A7K9zbg=="
      },
      "System.Runtime.CompilerServices.Unsafe": {
        "type": "Transitive",
        "resolved": "5.0.0",
        "contentHash": "ZD9TMpsmYJLrxbbmdvhwt9YEgG5WntEnZ/d1eH8JBX9LBp+Ju8BSBhUGbZMNVHHomWo2KVImJhTDl2hIgw/6MA=="
      },
      "System.Security.Cryptography.Cng": {
        "type": "Transitive",
        "resolved": "4.7.0",
        "contentHash": "4WQjFuypWtxb/bl/YwEE7LYGn4fgpsikFfBU6xwEm4YBYiRAhXAEJ62lILBu2JJSFbClIAntFTGfDZafn8yZTg=="
      },
      "System.Security.Cryptography.Pkcs": {
        "type": "Transitive",
        "resolved": "4.7.0",
        "contentHash": "0Srzh6YlhjuMxaqMyeCCdZs22cucaUAG6SKDd3gNHBJmre0VZ71ekzWu9rvLD4YXPetyNdPvV6Qst+8C++9v3Q==",
        "dependencies": {
          "System.Security.Cryptography.Cng": "4.7.0"
        }
      },
      "System.Text.Encoding.CodePages": {
        "type": "Transitive",
        "resolved": "4.5.1",
        "contentHash": "4J2JQXbftjPMppIHJ7IC+VXQ9XfEagN92vZZNoG12i+zReYlim5dMoXFC1Zzg7tsnKDM7JPo5bYfFK4Jheq44w==",
        "dependencies": {
          "Microsoft.NETCore.Platforms": "2.1.2",
          "System.Runtime.CompilerServices.Unsafe": "4.5.2"
        }
      },
      "System.Threading.Tasks.Extensions": {
        "type": "Transitive",
        "resolved": "4.5.4",
        "contentHash": "zteT+G8xuGu6mS+mzDzYXbzS7rd3K6Fjb9RiZlYlJPam2/hU7JCBZBVEcywNuR+oZ1ncTvc/cq0faRr3P01OVg=="
      },
      "YamlDotNet": {
        "type": "Transitive",
        "resolved": "15.1.4",
        "contentHash": "IjWucOgVbhm72da0Ck3KcyvMuKT/TfilHcvtwvhLLnkn2zr5st8BkH3lDoY5lkMH9Z3jsJeLDrnBS4GpAViUqg=="
      },
      "dataaccess": {
        "type": "Project",
        "dependencies": {
          "Microsoft.AspNetCore.Identity.EntityFrameworkCore": "[8.0.8, )",
          "Microsoft.EntityFrameworkCore": "[8.0.8, )",
          "Microsoft.EntityFrameworkCore.Sqlite": "[8.0.8, )",
          "Npgsql.EntityFrameworkCore.PostgreSQL": "[8.0.8, )",
          "SharedDependencies": "[1.0.0, )"
        }
      },
      "service": {
        "type": "Project",
        "dependencies": {
          "DataAccess": "[1.0.0, )",
          "FluentEmail.Razor": "[3.0.2, )",
          "FluentEmail.SendGrid": "[3.0.2, )",
          "FluentValidation": "[11.11.0, )",
          "Konscious.Security.Cryptography.Argon2": "[1.3.1, )",
          "Microsoft.AspNetCore.Mvc.Razor.RuntimeCompilation": "[8.0.0, )",
          "Microsoft.IdentityModel.JsonWebTokens": "[8.0.1, )",
          "RazorLight": "[2.3.1, )",
          "SendGrid": "[9.29.3, )",
          "SharedDependencies": "[1.0.0, )"
        }
      },
      "shareddependencies": {
        "type": "Project",
        "dependencies": {
          "Microsoft.AspNetCore.Mvc.NewtonsoftJson": "[8.0.8, )"
        }
      }
    }
  }
}